{
  "requires": true,
  "lockfileVersion": 1,
  "dependencies": {
    "cordova-plugin-firebase": {
      "version": "0.1.24",
      "resolved": "https://registry.npmjs.org/cordova-plugin-firebase/-/cordova-plugin-firebase-0.1.24.tgz",
      "integrity": "sha1-qZk6XHZxFQJM2IIJDuiBT6TvuYQ="
    }
  }
}
